
Microsoft Visual Studio Solution File, Format Version 12.00
# Visual Studio 14
VisualStudioVersion = 14.0.24720.0
MinimumVisualStudioVersion = 10.0.40219.1
Project("{8BC9CEB8-8B4A-11D0-8D11-00A0C91BC942}") = "stemple", "stemple\stemple.vcxproj", "{5AC58B35-A4E5-49A9-8F40-6B8C666B3A65}"
	ProjectSection(ProjectDependencies) = postProject
		{1223E3E9-0C4F-4C74-8505-1154694FB322} = {1223E3E9-0C4F-4C74-8505-1154694FB322}
	EndProjectSection
EndProject
Project("{8BC9CEB8-8B4A-11D0-8D11-00A0C91BC942}") = "libstemple", "libstemple\libstemple.vcxproj", "{1223E3E9-0C4F-4C74-8505-1154694FB322}"
EndProject
Project("{2150E333-8FDC-42A3-9474-1A3956D46DE8}") = "Solution Items", "Solution Items", "{634AFE0E-193F-4797-A7C7-86BB9B42121F}"
	ProjectSection(SolutionItems) = preProject
		README.md = README.md
		TODO.txt = TODO.txt
	EndProjectSection
EndProject
Global
	GlobalSection(SolutionConfigurationPlatforms) = preSolution
		Debug|x64 = Debug|x64
		Debug|x86 = Debug|x86
		Release|x64 = Release|x64
		Release|x86 = Release|x86
	EndGlobalSection
	GlobalSection(ProjectConfigurationPlatforms) = postSolution
		{5AC58B35-A4E5-49A9-8F40-6B8C666B3A65}.Debug|x64.ActiveCfg = Debug|x64
		{5AC58B35-A4E5-49A9-8F40-6B8C666B3A65}.Debug|x64.Build.0 = Debug|x64
		{5AC58B35-A4E5-49A9-8F40-6B8C666B3A65}.Debug|x86.ActiveCfg = Debug|Win32
		{5AC58B35-A4E5-49A9-8F40-6B8C666B3A65}.Debug|x86.Build.0 = Debug|Win32
		{5AC58B35-A4E5-49A9-8F40-6B8C666B3A65}.Release|x64.ActiveCfg = Release|x64
		{5AC58B35-A4E5-49A9-8F40-6B8C666B3A65}.Release|x64.Build.0 = Release|x64
		{5AC58B35-A4E5-49A9-8F40-6B8C666B3A65}.Release|x86.ActiveCfg = Release|Win32
		{5AC58B35-A4E5-49A9-8F40-6B8C666B3A65}.Release|x86.Build.0 = Release|Win32
		{1223E3E9-0C4F-4C74-8505-1154694FB322}.Debug|x64.ActiveCfg = Debug|x64
		{1223E3E9-0C4F-4C74-8505-1154694FB322}.Debug|x64.Build.0 = Debug|x64
		{1223E3E9-0C4F-4C74-8505-1154694FB322}.Debug|x86.ActiveCfg = Debug|Win32
		{1223E3E9-0C4F-4C74-8505-1154694FB322}.Debug|x86.Build.0 = Debug|Win32
		{1223E3E9-0C4F-4C74-8505-1154694FB322}.Release|x64.ActiveCfg = Release|x64
		{1223E3E9-0C4F-4C74-8505-1154694FB322}.Release|x64.Build.0 = Release|x64
		{1223E3E9-0C4F-4C74-8505-1154694FB322}.Release|x86.ActiveCfg = Release|Win32
		{1223E3E9-0C4F-4C74-8505-1154694FB322}.Release|x86.Build.0 = Release|Win32
	EndGlobalSection
	GlobalSection(SolutionProperties) = preSolution
		HideSolutionNode = FALSE
	EndGlobalSection
EndGlobal
