
Microsoft Visual Studio Solution File, Format Version 12.00
# Visual Studio 14
VisualStudioVersion = 14.0.24720.0
MinimumVisualStudioVersion = 10.0.40219.1
Project("{8BC9CEB8-8B4A-11D0-8D11-00A0C91BC942}") = "stemple", "stemple\stemple.vcxproj", "{5AC58B35-A4E5-49A9-8F40-6B8C666B3A65}"
	ProjectSection(ProjectDependencies) = postProject
		{1223E3E9-0C4F-4C74-8505-1154694FB322} = {1223E3E9-0C4F-4C74-8505-1154694FB322}
	EndProjectSection
EndProject
Project("{8BC9CEB8-8B4A-11D0-8D11-00A0C91BC942}") = "libstemple", "libstemple\libstemple.vcxproj", "{1223E3E9-0C4F-4C74-8505-1154694FB322}"
EndProject
Project("{2150E333-8FDC-42A3-9474-1A3956D46DE8}") = "Solution Items", "Solution Items", "{634AFE0E-193F-4797-A7C7-86BB9B42121F}"
	ProjectSection(SolutionItems) = preProject
		.gitignore = .gitignore
		README.md = README.md
		TODO.txt = TODO.txt
	EndProjectSection
EndProject
Project("{8BC9CEB8-8B4A-11D0-8D11-00A0C91BC942}") = "test", "test\test.vcxproj", "{E4DF19E5-5F1E-45FC-A997-9792E6E5C071}"
	ProjectSection(ProjectDependencies) = postProject
		{34681F0D-CE45-415D-B5F2-5C662DFE3BD5} = {34681F0D-CE45-415D-B5F2-5C662DFE3BD5}
		{C8F6C172-56F2-4E76-B5FA-C3B423B31BE7} = {C8F6C172-56F2-4E76-B5FA-C3B423B31BE7}
		{1223E3E9-0C4F-4C74-8505-1154694FB322} = {1223E3E9-0C4F-4C74-8505-1154694FB322}
	EndProjectSection
EndProject
Project("{8BC9CEB8-8B4A-11D0-8D11-00A0C91BC942}") = "gmock", "test\googletest\googlemock\msvc\2015\gmock.vcxproj", "{34681F0D-CE45-415D-B5F2-5C662DFE3BD5}"
	ProjectSection(ProjectDependencies) = postProject
		{C8F6C172-56F2-4E76-B5FA-C3B423B31BE7} = {C8F6C172-56F2-4E76-B5FA-C3B423B31BE7}
	EndProjectSection
EndProject
Project("{8BC9CEB8-8B4A-11D0-8D11-00A0C91BC942}") = "gtest", "test\googletest\googletest\msvc\2015\gtest.vcxproj", "{C8F6C172-56F2-4E76-B5FA-C3B423B31BE7}"
EndProject
Global
	GlobalSection(SolutionConfigurationPlatforms) = preSolution
		Debug|x64 = Debug|x64
		Debug|x86 = Debug|x86
		Release|x64 = Release|x64
		Release|x86 = Release|x86
	EndGlobalSection
	GlobalSection(ProjectConfigurationPlatforms) = postSolution
		{5AC58B35-A4E5-49A9-8F40-6B8C666B3A65}.Debug|x64.ActiveCfg = Debug|x64
		{5AC58B35-A4E5-49A9-8F40-6B8C666B3A65}.Debug|x64.Build.0 = Debug|x64
		{5AC58B35-A4E5-49A9-8F40-6B8C666B3A65}.Debug|x86.ActiveCfg = Debug|Win32
		{5AC58B35-A4E5-49A9-8F40-6B8C666B3A65}.Debug|x86.Build.0 = Debug|Win32
		{5AC58B35-A4E5-49A9-8F40-6B8C666B3A65}.Release|x64.ActiveCfg = Release|x64
		{5AC58B35-A4E5-49A9-8F40-6B8C666B3A65}.Release|x64.Build.0 = Release|x64
		{5AC58B35-A4E5-49A9-8F40-6B8C666B3A65}.Release|x86.ActiveCfg = Release|Win32
		{5AC58B35-A4E5-49A9-8F40-6B8C666B3A65}.Release|x86.Build.0 = Release|Win32
		{1223E3E9-0C4F-4C74-8505-1154694FB322}.Debug|x64.ActiveCfg = Debug|x64
		{1223E3E9-0C4F-4C74-8505-1154694FB322}.Debug|x64.Build.0 = Debug|x64
		{1223E3E9-0C4F-4C74-8505-1154694FB322}.Debug|x86.ActiveCfg = Debug|Win32
		{1223E3E9-0C4F-4C74-8505-1154694FB322}.Debug|x86.Build.0 = Debug|Win32
		{1223E3E9-0C4F-4C74-8505-1154694FB322}.Release|x64.ActiveCfg = Release|x64
		{1223E3E9-0C4F-4C74-8505-1154694FB322}.Release|x64.Build.0 = Release|x64
		{1223E3E9-0C4F-4C74-8505-1154694FB322}.Release|x86.ActiveCfg = Release|Win32
		{1223E3E9-0C4F-4C74-8505-1154694FB322}.Release|x86.Build.0 = Release|Win32
		{E4DF19E5-5F1E-45FC-A997-9792E6E5C071}.Debug|x64.ActiveCfg = Debug|x64
		{E4DF19E5-5F1E-45FC-A997-9792E6E5C071}.Debug|x64.Build.0 = Debug|x64
		{E4DF19E5-5F1E-45FC-A997-9792E6E5C071}.Debug|x86.ActiveCfg = Debug|Win32
		{E4DF19E5-5F1E-45FC-A997-9792E6E5C071}.Debug|x86.Build.0 = Debug|Win32
		{E4DF19E5-5F1E-45FC-A997-9792E6E5C071}.Release|x64.ActiveCfg = Release|x64
		{E4DF19E5-5F1E-45FC-A997-9792E6E5C071}.Release|x64.Build.0 = Release|x64
		{E4DF19E5-5F1E-45FC-A997-9792E6E5C071}.Release|x86.ActiveCfg = Release|Win32
		{E4DF19E5-5F1E-45FC-A997-9792E6E5C071}.Release|x86.Build.0 = Release|Win32
		{34681F0D-CE45-415D-B5F2-5C662DFE3BD5}.Debug|x64.ActiveCfg = Debug|Win32
		{34681F0D-CE45-415D-B5F2-5C662DFE3BD5}.Debug|x86.ActiveCfg = Debug|Win32
		{34681F0D-CE45-415D-B5F2-5C662DFE3BD5}.Debug|x86.Build.0 = Debug|Win32
		{34681F0D-CE45-415D-B5F2-5C662DFE3BD5}.Release|x64.ActiveCfg = Release|Win32
		{34681F0D-CE45-415D-B5F2-5C662DFE3BD5}.Release|x86.ActiveCfg = Release|Win32
		{34681F0D-CE45-415D-B5F2-5C662DFE3BD5}.Release|x86.Build.0 = Release|Win32
		{C8F6C172-56F2-4E76-B5FA-C3B423B31BE7}.Debug|x64.ActiveCfg = Debug|Win32
		{C8F6C172-56F2-4E76-B5FA-C3B423B31BE7}.Debug|x86.ActiveCfg = Debug|Win32
		{C8F6C172-56F2-4E76-B5FA-C3B423B31BE7}.Debug|x86.Build.0 = Debug|Win32
		{C8F6C172-56F2-4E76-B5FA-C3B423B31BE7}.Release|x64.ActiveCfg = Release|Win32
		{C8F6C172-56F2-4E76-B5FA-C3B423B31BE7}.Release|x86.ActiveCfg = Release|Win32
		{C8F6C172-56F2-4E76-B5FA-C3B423B31BE7}.Release|x86.Build.0 = Release|Win32
	EndGlobalSection
	GlobalSection(SolutionProperties) = preSolution
		HideSolutionNode = FALSE
	EndGlobalSection
EndGlobal
