// !$*UTF8*$!
{
	archiveVersion = 1;
	classes = {
	};
	objectVersion = 46;
	objects = {

/* Begin PBXBuildFile section */
		DA1267C81C8D6E230074C9C2 /* stdafx.cpp in Sources */ = {isa = PBXBuildFile; fileRef = DA1267C31C8D6E230074C9C2 /* stdafx.cpp */; };
		DA1267C91C8D6E230074C9C2 /* StringTests.cpp in Sources */ = {isa = PBXBuildFile; fileRef = DA1267C51C8D6E230074C9C2 /* StringTests.cpp */; };
		DA1267CA1C8D6E230074C9C2 /* test.cpp in Sources */ = {isa = PBXBuildFile; fileRef = DA1267C71C8D6E230074C9C2 /* test.cpp */; };
		DA1267DD1C8E99210074C9C2 /* gmock-cardinalities.cc in Sources */ = {isa = PBXBuildFile; fileRef = DA1267D61C8E99210074C9C2 /* gmock-cardinalities.cc */; };
		DA1267DE1C8E99210074C9C2 /* gmock-internal-utils.cc in Sources */ = {isa = PBXBuildFile; fileRef = DA1267D71C8E99210074C9C2 /* gmock-internal-utils.cc */; };
		DA1267DF1C8E99210074C9C2 /* gmock-matchers.cc in Sources */ = {isa = PBXBuildFile; fileRef = DA1267D81C8E99210074C9C2 /* gmock-matchers.cc */; };
		DA1267E01C8E99210074C9C2 /* gmock-spec-builders.cc in Sources */ = {isa = PBXBuildFile; fileRef = DA1267D91C8E99210074C9C2 /* gmock-spec-builders.cc */; };
		DA1267E11C8E99210074C9C2 /* gmock.cc in Sources */ = {isa = PBXBuildFile; fileRef = DA1267DA1C8E99210074C9C2 /* gmock.cc */; };
		DA1267EF1C8E99540074C9C2 /* gtest-death-test.cc in Sources */ = {isa = PBXBuildFile; fileRef = DA1267E51C8E99540074C9C2 /* gtest-death-test.cc */; };
		DA1267F01C8E99540074C9C2 /* gtest-filepath.cc in Sources */ = {isa = PBXBuildFile; fileRef = DA1267E61C8E99540074C9C2 /* gtest-filepath.cc */; };
		DA1267F11C8E99540074C9C2 /* gtest-port.cc in Sources */ = {isa = PBXBuildFile; fileRef = DA1267E81C8E99540074C9C2 /* gtest-port.cc */; };
		DA1267F21C8E99540074C9C2 /* gtest-printers.cc in Sources */ = {isa = PBXBuildFile; fileRef = DA1267E91C8E99540074C9C2 /* gtest-printers.cc */; };
		DA1267F31C8E99540074C9C2 /* gtest-test-part.cc in Sources */ = {isa = PBXBuildFile; fileRef = DA1267EA1C8E99540074C9C2 /* gtest-test-part.cc */; };
		DA1267F41C8E99540074C9C2 /* gtest-typed-test.cc in Sources */ = {isa = PBXBuildFile; fileRef = DA1267EB1C8E99540074C9C2 /* gtest-typed-test.cc */; };
		DA1267F51C8E99540074C9C2 /* gtest.cc in Sources */ = {isa = PBXBuildFile; fileRef = DA1267EC1C8E99540074C9C2 /* gtest.cc */; };
		DA12680C1C900AD80074C9C2 /* liblibstemple.a in Frameworks */ = {isa = PBXBuildFile; fileRef = DA12680B1C900AD80074C9C2 /* liblibstemple.a */; };
		DAE67AB01D1625BC00965955 /* FileTests.cpp in Sources */ = {isa = PBXBuildFile; fileRef = DAE67AAF1D1625BC00965955 /* FileTests.cpp */; };
/* End PBXBuildFile section */

/* Begin PBXCopyFilesBuildPhase section */
		DA1267A81C8D6D440074C9C2 /* CopyFiles */ = {
			isa = PBXCopyFilesBuildPhase;
			buildActionMask = 2147483647;
			dstPath = /usr/share/man/man1/;
			dstSubfolderSpec = 0;
			files = (
			);
			runOnlyForDeploymentPostprocessing = 1;
		};
/* End PBXCopyFilesBuildPhase section */

/* Begin PBXFileReference section */
		DA1267AA1C8D6D440074C9C2 /* test */ = {isa = PBXFileReference; explicitFileType = "compiled.mach-o.executable"; includeInIndex = 0; path = test; sourceTree = BUILT_PRODUCTS_DIR; };
		DA1267C31C8D6E230074C9C2 /* stdafx.cpp */ = {isa = PBXFileReference; fileEncoding = 4; lastKnownFileType = sourcecode.cpp.cpp; path = stdafx.cpp; sourceTree = "<group>"; };
		DA1267C41C8D6E230074C9C2 /* stdafx.h */ = {isa = PBXFileReference; fileEncoding = 4; lastKnownFileType = sourcecode.c.h; path = stdafx.h; sourceTree = "<group>"; };
		DA1267C51C8D6E230074C9C2 /* StringTests.cpp */ = {isa = PBXFileReference; fileEncoding = 4; lastKnownFileType = sourcecode.cpp.cpp; path = StringTests.cpp; sourceTree = "<group>"; };
		DA1267C61C8D6E230074C9C2 /* targetver.h */ = {isa = PBXFileReference; fileEncoding = 4; lastKnownFileType = sourcecode.c.h; path = targetver.h; sourceTree = "<group>"; };
		DA1267C71C8D6E230074C9C2 /* test.cpp */ = {isa = PBXFileReference; fileEncoding = 4; lastKnownFileType = sourcecode.cpp.cpp; path = test.cpp; sourceTree = "<group>"; };
		DA1267CB1C8D6E610074C9C2 /* include */ = {isa = PBXFileReference; lastKnownFileType = folder; path = include; sourceTree = "<group>"; };
		DA1267CD1C8D6EA00074C9C2 /* include */ = {isa = PBXFileReference; lastKnownFileType = folder; path = include; sourceTree = "<group>"; };
		DA1267D41C8E99210074C9C2 /* gmock_main.cc */ = {isa = PBXFileReference; fileEncoding = 4; lastKnownFileType = sourcecode.cpp.cpp; path = gmock_main.cc; sourceTree = "<group>"; };
		DA1267D51C8E99210074C9C2 /* gmock-all.cc */ = {isa = PBXFileReference; fileEncoding = 4; lastKnownFileType = sourcecode.cpp.cpp; path = "gmock-all.cc"; sourceTree = "<group>"; };
		DA1267D61C8E99210074C9C2 /* gmock-cardinalities.cc */ = {isa = PBXFileReference; fileEncoding = 4; lastKnownFileType = sourcecode.cpp.cpp; path = "gmock-cardinalities.cc"; sourceTree = "<group>"; };
		DA1267D71C8E99210074C9C2 /* gmock-internal-utils.cc */ = {isa = PBXFileReference; fileEncoding = 4; lastKnownFileType = sourcecode.cpp.cpp; path = "gmock-internal-utils.cc"; sourceTree = "<group>"; };
		DA1267D81C8E99210074C9C2 /* gmock-matchers.cc */ = {isa = PBXFileReference; fileEncoding = 4; lastKnownFileType = sourcecode.cpp.cpp; path = "gmock-matchers.cc"; sourceTree = "<group>"; };
		DA1267D91C8E99210074C9C2 /* gmock-spec-builders.cc */ = {isa = PBXFileReference; fileEncoding = 4; lastKnownFileType = sourcecode.cpp.cpp; path = "gmock-spec-builders.cc"; sourceTree = "<group>"; };
		DA1267DA1C8E99210074C9C2 /* gmock.cc */ = {isa = PBXFileReference; fileEncoding = 4; lastKnownFileType = sourcecode.cpp.cpp; path = gmock.cc; sourceTree = "<group>"; };
		DA1267E31C8E99540074C9C2 /* gtest_main.cc */ = {isa = PBXFileReference; fileEncoding = 4; lastKnownFileType = sourcecode.cpp.cpp; path = gtest_main.cc; sourceTree = "<group>"; };
		DA1267E41C8E99540074C9C2 /* gtest-all.cc */ = {isa = PBXFileReference; fileEncoding = 4; lastKnownFileType = sourcecode.cpp.cpp; path = "gtest-all.cc"; sourceTree = "<group>"; };
		DA1267E51C8E99540074C9C2 /* gtest-death-test.cc */ = {isa = PBXFileReference; fileEncoding = 4; lastKnownFileType = sourcecode.cpp.cpp; path = "gtest-death-test.cc"; sourceTree = "<group>"; };
		DA1267E61C8E99540074C9C2 /* gtest-filepath.cc */ = {isa = PBXFileReference; fileEncoding = 4; lastKnownFileType = sourcecode.cpp.cpp; path = "gtest-filepath.cc"; sourceTree = "<group>"; };
		DA1267E71C8E99540074C9C2 /* gtest-internal-inl.h */ = {isa = PBXFileReference; fileEncoding = 4; lastKnownFileType = sourcecode.c.h; path = "gtest-internal-inl.h"; sourceTree = "<group>"; };
		DA1267E81C8E99540074C9C2 /* gtest-port.cc */ = {isa = PBXFileReference; fileEncoding = 4; lastKnownFileType = sourcecode.cpp.cpp; path = "gtest-port.cc"; sourceTree = "<group>"; };
		DA1267E91C8E99540074C9C2 /* gtest-printers.cc */ = {isa = PBXFileReference; fileEncoding = 4; lastKnownFileType = sourcecode.cpp.cpp; path = "gtest-printers.cc"; sourceTree = "<group>"; };
		DA1267EA1C8E99540074C9C2 /* gtest-test-part.cc */ = {isa = PBXFileReference; fileEncoding = 4; lastKnownFileType = sourcecode.cpp.cpp; path = "gtest-test-part.cc"; sourceTree = "<group>"; };
		DA1267EB1C8E99540074C9C2 /* gtest-typed-test.cc */ = {isa = PBXFileReference; fileEncoding = 4; lastKnownFileType = sourcecode.cpp.cpp; path = "gtest-typed-test.cc"; sourceTree = "<group>"; };
		DA1267EC1C8E99540074C9C2 /* gtest.cc */ = {isa = PBXFileReference; fileEncoding = 4; lastKnownFileType = sourcecode.cpp.cpp; path = gtest.cc; sourceTree = "<group>"; };
		DA12680B1C900AD80074C9C2 /* liblibstemple.a */ = {isa = PBXFileReference; lastKnownFileType = archive.ar; name = liblibstemple.a; path = ../libstemple/build/Debug/liblibstemple.a; sourceTree = "<group>"; };
		DAE67AAF1D1625BC00965955 /* FileTests.cpp */ = {isa = PBXFileReference; fileEncoding = 4; lastKnownFileType = sourcecode.cpp.cpp; path = FileTests.cpp; sourceTree = "<group>"; };
		DAE67AC01D167EE500965955 /* SubDir */ = {isa = PBXFileReference; lastKnownFileType = folder; name = SubDir; path = Data/SubDir; sourceTree = "<group>"; };
		DAE67AC11D167EE500965955 /* Test1.txt */ = {isa = PBXFileReference; fileEncoding = 4; lastKnownFileType = text; name = Test1.txt; path = Data/Test1.txt; sourceTree = "<group>"; };
		DAE67AC21D167EE500965955 /* Test4.txt */ = {isa = PBXFileReference; fileEncoding = 4; lastKnownFileType = text; name = Test4.txt; path = Data/Test4.txt; sourceTree = "<group>"; };
/* End PBXFileReference section */

/* Begin PBXFrameworksBuildPhase section */
		DA1267A71C8D6D440074C9C2 /* Frameworks */ = {
			isa = PBXFrameworksBuildPhase;
			buildActionMask = 2147483647;
			files = (
				DA12680C1C900AD80074C9C2 /* liblibstemple.a in Frameworks */,
			);
			runOnlyForDeploymentPostprocessing = 0;
		};
/* End PBXFrameworksBuildPhase section */

/* Begin PBXGroup section */
		DA1267A11C8D6D440074C9C2 = {
			isa = PBXGroup;
			children = (
				DA12680B1C900AD80074C9C2 /* liblibstemple.a */,
				DA1267AC1C8D6D440074C9C2 /* test */,
				DA1267AB1C8D6D440074C9C2 /* Products */,
			);
			sourceTree = "<group>";
		};
		DA1267AB1C8D6D440074C9C2 /* Products */ = {
			isa = PBXGroup;
			children = (
				DA1267AA1C8D6D440074C9C2 /* test */,
			);
			name = Products;
			sourceTree = "<group>";
		};
		DA1267AC1C8D6D440074C9C2 /* test */ = {
			isa = PBXGroup;
			children = (
				DAE67ABF1D167EC800965955 /* Data */,
				DA1267C01C8D6DC30074C9C2 /* googletest */,
				DAE67AAF1D1625BC00965955 /* FileTests.cpp */,
				DA1267C31C8D6E230074C9C2 /* stdafx.cpp */,
				DA1267C41C8D6E230074C9C2 /* stdafx.h */,
				DA1267C51C8D6E230074C9C2 /* StringTests.cpp */,
				DA1267C61C8D6E230074C9C2 /* targetver.h */,
				DA1267C71C8D6E230074C9C2 /* test.cpp */,
			);
			name = test;
			sourceTree = SOURCE_ROOT;
		};
		DA1267C01C8D6DC30074C9C2 /* googletest */ = {
			isa = PBXGroup;
			children = (
				DA1267C21C8D6DF10074C9C2 /* googlemock */,
				DA1267C11C8D6DDE0074C9C2 /* googletest */,
			);
			path = googletest;
			sourceTree = "<group>";
		};
		DA1267C11C8D6DDE0074C9C2 /* googletest */ = {
			isa = PBXGroup;
			children = (
				DA1267D31C8E98EF0074C9C2 /* src */,
				DA1267CD1C8D6EA00074C9C2 /* include */,
			);
			path = googletest;
			sourceTree = "<group>";
		};
		DA1267C21C8D6DF10074C9C2 /* googlemock */ = {
			isa = PBXGroup;
			children = (
				DA1267D21C8E98D70074C9C2 /* src */,
				DA1267CB1C8D6E610074C9C2 /* include */,
			);
			path = googlemock;
			sourceTree = "<group>";
		};
		DA1267D21C8E98D70074C9C2 /* src */ = {
			isa = PBXGroup;
			children = (
				DA1267D41C8E99210074C9C2 /* gmock_main.cc */,
				DA1267D51C8E99210074C9C2 /* gmock-all.cc */,
				DA1267D61C8E99210074C9C2 /* gmock-cardinalities.cc */,
				DA1267D71C8E99210074C9C2 /* gmock-internal-utils.cc */,
				DA1267D81C8E99210074C9C2 /* gmock-matchers.cc */,
				DA1267D91C8E99210074C9C2 /* gmock-spec-builders.cc */,
				DA1267DA1C8E99210074C9C2 /* gmock.cc */,
			);
			path = src;
			sourceTree = "<group>";
		};
		DA1267D31C8E98EF0074C9C2 /* src */ = {
			isa = PBXGroup;
			children = (
				DA1267E31C8E99540074C9C2 /* gtest_main.cc */,
				DA1267E41C8E99540074C9C2 /* gtest-all.cc */,
				DA1267E51C8E99540074C9C2 /* gtest-death-test.cc */,
				DA1267E61C8E99540074C9C2 /* gtest-filepath.cc */,
				DA1267E71C8E99540074C9C2 /* gtest-internal-inl.h */,
				DA1267E81C8E99540074C9C2 /* gtest-port.cc */,
				DA1267E91C8E99540074C9C2 /* gtest-printers.cc */,
				DA1267EA1C8E99540074C9C2 /* gtest-test-part.cc */,
				DA1267EB1C8E99540074C9C2 /* gtest-typed-test.cc */,
				DA1267EC1C8E99540074C9C2 /* gtest.cc */,
				DA1267E21C8E99490074C9C2 /* New Group */,
			);
			path = src;
			sourceTree = "<group>";
		};
		DA1267E21C8E99490074C9C2 /* New Group */ = {
			isa = PBXGroup;
			children = (
			);
			name = "New Group";
			sourceTree = "<group>";
		};
		DAE67ABF1D167EC800965955 /* Data */ = {
			isa = PBXGroup;
			children = (
				DAE67AC01D167EE500965955 /* SubDir */,
				DAE67AC11D167EE500965955 /* Test1.txt */,
				DAE67AC21D167EE500965955 /* Test4.txt */,
			);
			name = Data;
			sourceTree = "<group>";
		};
/* End PBXGroup section */

/* Begin PBXNativeTarget section */
		DA1267A91C8D6D440074C9C2 /* test */ = {
			isa = PBXNativeTarget;
			buildConfigurationList = DA1267B11C8D6D440074C9C2 /* Build configuration list for PBXNativeTarget "test" */;
			buildPhases = (
				DA1267A61C8D6D440074C9C2 /* Sources */,
				DA1267A71C8D6D440074C9C2 /* Frameworks */,
				DA1267A81C8D6D440074C9C2 /* CopyFiles */,
			);
			buildRules = (
			);
			dependencies = (
			);
			name = test;
			productName = test;
			productReference = DA1267AA1C8D6D440074C9C2 /* test */;
			productType = "com.apple.product-type.tool";
		};
/* End PBXNativeTarget section */

/* Begin PBXProject section */
		DA1267A21C8D6D440074C9C2 /* Project object */ = {
			isa = PBXProject;
			attributes = {
				LastUpgradeCheck = 0720;
				ORGANIZATIONNAME = "Paul Ashdown";
				TargetAttributes = {
					DA1267A91C8D6D440074C9C2 = {
						CreatedOnToolsVersion = 7.2.1;
					};
				};
			};
			buildConfigurationList = DA1267A51C8D6D440074C9C2 /* Build configuration list for PBXProject "test" */;
			compatibilityVersion = "Xcode 3.2";
			developmentRegion = English;
			hasScannedForEncodings = 0;
			knownRegions = (
				en,
			);
			mainGroup = DA1267A11C8D6D440074C9C2;
			productRefGroup = DA1267AB1C8D6D440074C9C2 /* Products */;
			projectDirPath = "";
			projectRoot = "";
			targets = (
				DA1267A91C8D6D440074C9C2 /* test */,
			);
		};
/* End PBXProject section */

/* Begin PBXSourcesBuildPhase section */
		DA1267A61C8D6D440074C9C2 /* Sources */ = {
			isa = PBXSourcesBuildPhase;
			buildActionMask = 2147483647;
			files = (
				DA1267F21C8E99540074C9C2 /* gtest-printers.cc in Sources */,
				DAE67AB01D1625BC00965955 /* FileTests.cpp in Sources */,
				DA1267DD1C8E99210074C9C2 /* gmock-cardinalities.cc in Sources */,
				DA1267C91C8D6E230074C9C2 /* StringTests.cpp in Sources */,
				DA1267DF1C8E99210074C9C2 /* gmock-matchers.cc in Sources */,
				DA1267F11C8E99540074C9C2 /* gtest-port.cc in Sources */,
				DA1267CA1C8D6E230074C9C2 /* test.cpp in Sources */,
				DA1267E01C8E99210074C9C2 /* gmock-spec-builders.cc in Sources */,
				DA1267F31C8E99540074C9C2 /* gtest-test-part.cc in Sources */,
				DA1267F01C8E99540074C9C2 /* gtest-filepath.cc in Sources */,
				DA1267E11C8E99210074C9C2 /* gmock.cc in Sources */,
				DA1267DE1C8E99210074C9C2 /* gmock-internal-utils.cc in Sources */,
				DA1267F51C8E99540074C9C2 /* gtest.cc in Sources */,
				DA1267EF1C8E99540074C9C2 /* gtest-death-test.cc in Sources */,
				DA1267F41C8E99540074C9C2 /* gtest-typed-test.cc in Sources */,
				DA1267C81C8D6E230074C9C2 /* stdafx.cpp in Sources */,
			);
			runOnlyForDeploymentPostprocessing = 0;
		};
/* End PBXSourcesBuildPhase section */

/* Begin XCBuildConfiguration section */
		DA1267AF1C8D6D440074C9C2 /* Debug */ = {
			isa = XCBuildConfiguration;
			buildSettings = {
				ALWAYS_SEARCH_USER_PATHS = NO;
				CLANG_CXX_LANGUAGE_STANDARD = "gnu++0x";
				CLANG_CXX_LIBRARY = "libc++";
				CLANG_ENABLE_MODULES = YES;
				CLANG_ENABLE_OBJC_ARC = YES;
				CLANG_WARN_BOOL_CONVERSION = YES;
				CLANG_WARN_CONSTANT_CONVERSION = YES;
				CLANG_WARN_DIRECT_OBJC_ISA_USAGE = YES_ERROR;
				CLANG_WARN_EMPTY_BODY = YES;
				CLANG_WARN_ENUM_CONVERSION = YES;
				CLANG_WARN_INT_CONVERSION = YES;
				CLANG_WARN_OBJC_ROOT_CLASS = YES_ERROR;
				CLANG_WARN_UNREACHABLE_CODE = YES;
				CLANG_WARN__DUPLICATE_METHOD_MATCH = YES;
				CODE_SIGN_IDENTITY = "-";
				COPY_PHASE_STRIP = NO;
				DEBUG_INFORMATION_FORMAT = dwarf;
				ENABLE_STRICT_OBJC_MSGSEND = YES;
				ENABLE_TESTABILITY = YES;
				GCC_C_LANGUAGE_STANDARD = gnu99;
				GCC_DYNAMIC_NO_PIC = NO;
				GCC_NO_COMMON_BLOCKS = YES;
				GCC_OPTIMIZATION_LEVEL = 0;
				GCC_PREPROCESSOR_DEFINITIONS = (
					"DEBUG=1",
					"$(inherited)",
				);
				GCC_WARN_64_TO_32_BIT_CONVERSION = YES;
				GCC_WARN_ABOUT_RETURN_TYPE = YES_ERROR;
				GCC_WARN_UNDECLARED_SELECTOR = YES;
				GCC_WARN_UNINITIALIZED_AUTOS = YES_AGGRESSIVE;
				GCC_WARN_UNUSED_FUNCTION = YES;
				GCC_WARN_UNUSED_VARIABLE = YES;
				MACOSX_DEPLOYMENT_TARGET = 10.11;
				MTL_ENABLE_DEBUG_INFO = YES;
				ONLY_ACTIVE_ARCH = YES;
				SDKROOT = macosx;
			};
			name = Debug;
		};
		DA1267B01C8D6D440074C9C2 /* Release */ = {
			isa = XCBuildConfiguration;
			buildSettings = {
				ALWAYS_SEARCH_USER_PATHS = NO;
				CLANG_CXX_LANGUAGE_STANDARD = "gnu++0x";
				CLANG_CXX_LIBRARY = "libc++";
				CLANG_ENABLE_MODULES = YES;
				CLANG_ENABLE_OBJC_ARC = YES;
				CLANG_WARN_BOOL_CONVERSION = YES;
				CLANG_WARN_CONSTANT_CONVERSION = YES;
				CLANG_WARN_DIRECT_OBJC_ISA_USAGE = YES_ERROR;
				CLANG_WARN_EMPTY_BODY = YES;
				CLANG_WARN_ENUM_CONVERSION = YES;
				CLANG_WARN_INT_CONVERSION = YES;
				CLANG_WARN_OBJC_ROOT_CLASS = YES_ERROR;
				CLANG_WARN_UNREACHABLE_CODE = YES;
				CLANG_WARN__DUPLICATE_METHOD_MATCH = YES;
				CODE_SIGN_IDENTITY = "-";
				COPY_PHASE_STRIP = NO;
				DEBUG_INFORMATION_FORMAT = "dwarf-with-dsym";
				ENABLE_NS_ASSERTIONS = NO;
				ENABLE_STRICT_OBJC_MSGSEND = YES;
				GCC_C_LANGUAGE_STANDARD = gnu99;
				GCC_NO_COMMON_BLOCKS = YES;
				GCC_WARN_64_TO_32_BIT_CONVERSION = YES;
				GCC_WARN_ABOUT_RETURN_TYPE = YES_ERROR;
				GCC_WARN_UNDECLARED_SELECTOR = YES;
				GCC_WARN_UNINITIALIZED_AUTOS = YES_AGGRESSIVE;
				GCC_WARN_UNUSED_FUNCTION = YES;
				GCC_WARN_UNUSED_VARIABLE = YES;
				MACOSX_DEPLOYMENT_TARGET = 10.11;
				MTL_ENABLE_DEBUG_INFO = NO;
				SDKROOT = macosx;
			};
			name = Release;
		};
		DA1267B21C8D6D440074C9C2 /* Debug */ = {
			isa = XCBuildConfiguration;
			buildSettings = {
				GCC_TREAT_WARNINGS_AS_ERRORS = YES;
				GCC_WARN_ABOUT_DEPRECATED_FUNCTIONS = NO;
				HEADER_SEARCH_PATHS = (
					..,
					googletest/googlemock/include,
					googletest/googletest/include,
					googletest/googletest,
				);
				PRODUCT_NAME = "$(TARGET_NAME)";
			};
			name = Debug;
		};
		DA1267B31C8D6D440074C9C2 /* Release */ = {
			isa = XCBuildConfiguration;
			buildSettings = {
				GCC_TREAT_WARNINGS_AS_ERRORS = YES;
				GCC_WARN_ABOUT_DEPRECATED_FUNCTIONS = NO;
				HEADER_SEARCH_PATHS = (
					..,
					googletest/googlemock/include,
					googletest/googletest/include,
					googletest/googletest,
				);
				PRODUCT_NAME = "$(TARGET_NAME)";
			};
			name = Release;
		};
/* End XCBuildConfiguration section */

/* Begin XCConfigurationList section */
		DA1267A51C8D6D440074C9C2 /* Build configuration list for PBXProject "test" */ = {
			isa = XCConfigurationList;
			buildConfigurations = (
				DA1267AF1C8D6D440074C9C2 /* Debug */,
				DA1267B01C8D6D440074C9C2 /* Release */,
			);
			defaultConfigurationIsVisible = 0;
			defaultConfigurationName = Release;
		};
		DA1267B11C8D6D440074C9C2 /* Build configuration list for PBXNativeTarget "test" */ = {
			isa = XCConfigurationList;
			buildConfigurations = (
				DA1267B21C8D6D440074C9C2 /* Debug */,
				DA1267B31C8D6D440074C9C2 /* Release */,
			);
			defaultConfigurationIsVisible = 0;
			defaultConfigurationName = Release;
		};
/* End XCConfigurationList section */
	};
	rootObject = DA1267A21C8D6D440074C9C2 /* Project object */;
}
